
Microsoft Visual Studio Solution File, Format Version 12.00
# Visual Studio 15
VisualStudioVersion = 15.0.26430.16
MinimumVisualStudioVersion = 10.0.40219.1
Project("{D954291E-2A0B-460D-934E-DC6B0785DB48}") = "busroutes", "busroutes\busroutes\busroutes.shproj", "{DED4C6BA-BFB9-44CF-B6D0-A2F75D77356E}"
EndProject
Project("{FAE04EC0-301F-11D3-BF4B-00C04F79EFBC}") = "busroutes.Android", "busroutes\busroutes.Android\busroutes.Android.csproj", "{584C7355-DD0C-4514-AD1B-6109E6137197}"
EndProject
Project("{FAE04EC0-301F-11D3-BF4B-00C04F79EFBC}") = "busroutes.iOS", "busroutes\busroutes.iOS\busroutes.iOS.csproj", "{42605DDE-E2E0-4D72-BC26-A4A8FDD5AD5F}"
EndProject
Global
	GlobalSection(SharedMSBuildProjectFiles) = preSolution
		busroutes\busroutes\busroutes.projitems*{42605dde-e2e0-4d72-bc26-a4a8fdd5ad5f}*SharedItemsImports = 4
		busroutes\busroutes\busroutes.projitems*{584c7355-dd0c-4514-ad1b-6109e6137197}*SharedItemsImports = 4
		busroutes\busroutes\busroutes.projitems*{ded4c6ba-bfb9-44cf-b6d0-a2f75d77356e}*SharedItemsImports = 13
	EndGlobalSection
	GlobalSection(SolutionConfigurationPlatforms) = preSolution
		Ad-Hoc|Any CPU = Ad-Hoc|Any CPU
		Ad-Hoc|iPhone = Ad-Hoc|iPhone
		Ad-Hoc|iPhoneSimulator = Ad-Hoc|iPhoneSimulator
		AppStore|Any CPU = AppStore|Any CPU
		AppStore|iPhone = AppStore|iPhone
		AppStore|iPhoneSimulator = AppStore|iPhoneSimulator
		Debug|Any CPU = Debug|Any CPU
		Debug|iPhone = Debug|iPhone
		Debug|iPhoneSimulator = Debug|iPhoneSimulator
		Release|Any CPU = Release|Any CPU
		Release|iPhone = Release|iPhone
		Release|iPhoneSimulator = Release|iPhoneSimulator
	EndGlobalSection
	GlobalSection(ProjectConfigurationPlatforms) = postSolution
		{584C7355-DD0C-4514-AD1B-6109E6137197}.Ad-Hoc|Any CPU.ActiveCfg = Release|Any CPU
		{584C7355-DD0C-4514-AD1B-6109E6137197}.Ad-Hoc|Any CPU.Build.0 = Release|Any CPU
		{584C7355-DD0C-4514-AD1B-6109E6137197}.Ad-Hoc|Any CPU.Deploy.0 = Release|Any CPU
		{584C7355-DD0C-4514-AD1B-6109E6137197}.Ad-Hoc|iPhone.ActiveCfg = Release|Any CPU
		{584C7355-DD0C-4514-AD1B-6109E6137197}.Ad-Hoc|iPhone.Build.0 = Release|Any CPU
		{584C7355-DD0C-4514-AD1B-6109E6137197}.Ad-Hoc|iPhone.Deploy.0 = Release|Any CPU
		{584C7355-DD0C-4514-AD1B-6109E6137197}.Ad-Hoc|iPhoneSimulator.ActiveCfg = Release|Any CPU
		{584C7355-DD0C-4514-AD1B-6109E6137197}.Ad-Hoc|iPhoneSimulator.Build.0 = Release|Any CPU
		{584C7355-DD0C-4514-AD1B-6109E6137197}.Ad-Hoc|iPhoneSimulator.Deploy.0 = Release|Any CPU
		{584C7355-DD0C-4514-AD1B-6109E6137197}.AppStore|Any CPU.ActiveCfg = Release|Any CPU
		{584C7355-DD0C-4514-AD1B-6109E6137197}.AppStore|Any CPU.Build.0 = Release|Any CPU
		{584C7355-DD0C-4514-AD1B-6109E6137197}.AppStore|Any CPU.Deploy.0 = Release|Any CPU
		{584C7355-DD0C-4514-AD1B-6109E6137197}.AppStore|iPhone.ActiveCfg = Release|Any CPU
		{584C7355-DD0C-4514-AD1B-6109E6137197}.AppStore|iPhone.Build.0 = Release|Any CPU
		{584C7355-DD0C-4514-AD1B-6109E6137197}.AppStore|iPhone.Deploy.0 = Release|Any CPU
		{584C7355-DD0C-4514-AD1B-6109E6137197}.AppStore|iPhoneSimulator.ActiveCfg = Release|Any CPU
		{584C7355-DD0C-4514-AD1B-6109E6137197}.AppStore|iPhoneSimulator.Build.0 = Release|Any CPU
		{584C7355-DD0C-4514-AD1B-6109E6137197}.AppStore|iPhoneSimulator.Deploy.0 = Release|Any CPU
		{584C7355-DD0C-4514-AD1B-6109E6137197}.Debug|Any CPU.ActiveCfg = Debug|Any CPU
		{584C7355-DD0C-4514-AD1B-6109E6137197}.Debug|Any CPU.Build.0 = Debug|Any CPU
		{584C7355-DD0C-4514-AD1B-6109E6137197}.Debug|Any CPU.Deploy.0 = Debug|Any CPU
		{584C7355-DD0C-4514-AD1B-6109E6137197}.Debug|iPhone.ActiveCfg = Debug|Any CPU
		{584C7355-DD0C-4514-AD1B-6109E6137197}.Debug|iPhone.Build.0 = Debug|Any CPU
		{584C7355-DD0C-4514-AD1B-6109E6137197}.Debug|iPhone.Deploy.0 = Debug|Any CPU
		{584C7355-DD0C-4514-AD1B-6109E6137197}.Debug|iPhoneSimulator.ActiveCfg = Debug|Any CPU
		{584C7355-DD0C-4514-AD1B-6109E6137197}.Debug|iPhoneSimulator.Build.0 = Debug|Any CPU
		{584C7355-DD0C-4514-AD1B-6109E6137197}.Debug|iPhoneSimulator.Deploy.0 = Debug|Any CPU
		{584C7355-DD0C-4514-AD1B-6109E6137197}.Release|Any CPU.ActiveCfg = Release|Any CPU
		{584C7355-DD0C-4514-AD1B-6109E6137197}.Release|Any CPU.Build.0 = Release|Any CPU
		{584C7355-DD0C-4514-AD1B-6109E6137197}.Release|Any CPU.Deploy.0 = Release|Any CPU
		{584C7355-DD0C-4514-AD1B-6109E6137197}.Release|iPhone.ActiveCfg = Release|Any CPU
		{584C7355-DD0C-4514-AD1B-6109E6137197}.Release|iPhone.Build.0 = Release|Any CPU
		{584C7355-DD0C-4514-AD1B-6109E6137197}.Release|iPhone.Deploy.0 = Release|Any CPU
		{584C7355-DD0C-4514-AD1B-6109E6137197}.Release|iPhoneSimulator.ActiveCfg = Release|Any CPU
		{584C7355-DD0C-4514-AD1B-6109E6137197}.Release|iPhoneSimulator.Build.0 = Release|Any CPU
		{584C7355-DD0C-4514-AD1B-6109E6137197}.Release|iPhoneSimulator.Deploy.0 = Release|Any CPU
		{42605DDE-E2E0-4D72-BC26-A4A8FDD5AD5F}.Ad-Hoc|Any CPU.ActiveCfg = Ad-Hoc|iPhone
		{42605DDE-E2E0-4D72-BC26-A4A8FDD5AD5F}.Ad-Hoc|iPhone.ActiveCfg = Ad-Hoc|iPhone
		{42605DDE-E2E0-4D72-BC26-A4A8FDD5AD5F}.Ad-Hoc|iPhone.Build.0 = Ad-Hoc|iPhone
		{42605DDE-E2E0-4D72-BC26-A4A8FDD5AD5F}.Ad-Hoc|iPhoneSimulator.ActiveCfg = Ad-Hoc|iPhoneSimulator
		{42605DDE-E2E0-4D72-BC26-A4A8FDD5AD5F}.Ad-Hoc|iPhoneSimulator.Build.0 = Ad-Hoc|iPhoneSimulator
		{42605DDE-E2E0-4D72-BC26-A4A8FDD5AD5F}.AppStore|Any CPU.ActiveCfg = AppStore|iPhone
		{42605DDE-E2E0-4D72-BC26-A4A8FDD5AD5F}.AppStore|iPhone.ActiveCfg = AppStore|iPhone
		{42605DDE-E2E0-4D72-BC26-A4A8FDD5AD5F}.AppStore|iPhone.Build.0 = AppStore|iPhone
		{42605DDE-E2E0-4D72-BC26-A4A8FDD5AD5F}.AppStore|iPhoneSimulator.ActiveCfg = AppStore|iPhoneSimulator
		{42605DDE-E2E0-4D72-BC26-A4A8FDD5AD5F}.AppStore|iPhoneSimulator.Build.0 = AppStore|iPhoneSimulator
		{42605DDE-E2E0-4D72-BC26-A4A8FDD5AD5F}.Debug|Any CPU.ActiveCfg = Debug|iPhone
		{42605DDE-E2E0-4D72-BC26-A4A8FDD5AD5F}.Debug|iPhone.ActiveCfg = Debug|iPhone
		{42605DDE-E2E0-4D72-BC26-A4A8FDD5AD5F}.Debug|iPhone.Build.0 = Debug|iPhone
		{42605DDE-E2E0-4D72-BC26-A4A8FDD5AD5F}.Debug|iPhoneSimulator.ActiveCfg = Debug|iPhoneSimulator
		{42605DDE-E2E0-4D72-BC26-A4A8FDD5AD5F}.Debug|iPhoneSimulator.Build.0 = Debug|iPhoneSimulator
		{42605DDE-E2E0-4D72-BC26-A4A8FDD5AD5F}.Release|Any CPU.ActiveCfg = Release|iPhone
		{42605DDE-E2E0-4D72-BC26-A4A8FDD5AD5F}.Release|iPhone.ActiveCfg = Release|iPhone
		{42605DDE-E2E0-4D72-BC26-A4A8FDD5AD5F}.Release|iPhone.Build.0 = Release|iPhone
		{42605DDE-E2E0-4D72-BC26-A4A8FDD5AD5F}.Release|iPhoneSimulator.ActiveCfg = Release|iPhoneSimulator
		{42605DDE-E2E0-4D72-BC26-A4A8FDD5AD5F}.Release|iPhoneSimulator.Build.0 = Release|iPhoneSimulator
	EndGlobalSection
	GlobalSection(SolutionProperties) = preSolution
		HideSolutionNode = FALSE
	EndGlobalSection
EndGlobal
